{
  "name": "Valutaomregner",
  "lockfileVersion": 2,
  "requires": true,
  "packages": {
    "": {
      "dependencies": {
        "@types/es6-shim": "^0.31.45"
      }
    },
    "node_modules/@types/es6-shim": {
      "version": "0.31.45",
      "resolved": "https://registry.npmjs.org/@types/es6-shim/-/es6-shim-0.31.45.tgz",
      "integrity": "sha512-my8nnyugjlXV84DpYKc6W+xiwK2MXUebURAydaiARKPU1iF3ONP/NDTNDuo5IdbfUzB3FBEy31cyptd37zwdpw=="
    }
  },
  "dependencies": {
    "@types/es6-shim": {
      "version": "0.31.45",
      "resolved": "https://registry.npmjs.org/@types/es6-shim/-/es6-shim-0.31.45.tgz",
      "integrity": "sha512-my8nnyugjlXV84DpYKc6W+xiwK2MXUebURAydaiARKPU1iF3ONP/NDTNDuo5IdbfUzB3FBEy31cyptd37zwdpw=="
    }
  }
}
